// !$*UTF8*$!
{
	archiveVersion = 1;
	classes = {
	};
	objectVersion = 46;
	objects = {

/* Begin PBXBuildFile section */
		BC1794F91CA3CA4400808C4E /* main.m in Sources */ = {isa = PBXBuildFile; fileRef = BC1794F81CA3CA4400808C4E /* main.m */; };
		BC1794FC1CA3CA4400808C4E /* AppDelegate.m in Sources */ = {isa = PBXBuildFile; fileRef = BC1794FB1CA3CA4400808C4E /* AppDelegate.m */; };
		BC1794FF1CA3CA4400808C4E /* ViewController.m in Sources */ = {isa = PBXBuildFile; fileRef = BC1794FE1CA3CA4400808C4E /* ViewController.m */; };
		BC1795021CA3CA4400808C4E /* Main.storyboard in Resources */ = {isa = PBXBuildFile; fileRef = BC1795001CA3CA4400808C4E /* Main.storyboard */; };
		BC1795041CA3CA4400808C4E /* Images.xcassets in Resources */ = {isa = PBXBuildFile; fileRef = BC1795031CA3CA4400808C4E /* Images.xcassets */; };
		BC1795071CA3CA4400808C4E /* LaunchScreen.xib in Resources */ = {isa = PBXBuildFile; fileRef = BC1795051CA3CA4400808C4E /* LaunchScreen.xib */; };
		BC1795131CA3CA4500808C4E /* testTests.m in Sources */ = {isa = PBXBuildFile; fileRef = BC1795121CA3CA4500808C4E /* testTests.m */; };
/* End PBXBuildFile section */

/* Begin PBXContainerItemProxy section */
		BC17950D1CA3CA4400808C4E /* PBXContainerItemProxy */ = {
			isa = PBXContainerItemProxy;
			containerPortal = BC1794EB1CA3CA4400808C4E /* Project object */;
			proxyType = 1;
			remoteGlobalIDString = BC1794F21CA3CA4400808C4E;
			remoteInfo = test;
		};
/* End PBXContainerItemProxy section */

/* Begin PBXFileReference section */
		BC1794F31CA3CA4400808C4E /* test.app */ = {isa = PBXFileReference; explicitFileType = wrapper.application; includeInIndex = 0; path = test.app; sourceTree = BUILT_PRODUCTS_DIR; };
		BC1794F71CA3CA4400808C4E /* Info.plist */ = {isa = PBXFileReference; lastKnownFileType = text.plist.xml; path = Info.plist; sourceTree = "<group>"; };
		BC1794F81CA3CA4400808C4E /* main.m */ = {isa = PBXFileReference; lastKnownFileType = sourcecode.c.objc; path = main.m; sourceTree = "<group>"; };
		BC1794FA1CA3CA4400808C4E /* AppDelegate.h */ = {isa = PBXFileReference; lastKnownFileType = sourcecode.c.h; path = AppDelegate.h; sourceTree = "<group>"; };
		BC1794FB1CA3CA4400808C4E /* AppDelegate.m */ = {isa = PBXFileReference; lastKnownFileType = sourcecode.c.objc; path = AppDelegate.m; sourceTree = "<group>"; };
		BC1794FD1CA3CA4400808C4E /* ViewController.h */ = {isa = PBXFileReference; lastKnownFileType = sourcecode.c.h; path = ViewController.h; sourceTree = "<group>"; };
		BC1794FE1CA3CA4400808C4E /* ViewController.m */ = {isa = PBXFileReference; lastKnownFileType = sourcecode.c.objc; path = ViewController.m; sourceTree = "<group>"; };
		BC1795011CA3CA4400808C4E /* Base */ = {isa = PBXFileReference; lastKnownFileType = file.storyboard; name = Base; path = Base.lproj/Main.storyboard; sourceTree = "<group>"; };
		BC1795031CA3CA4400808C4E /* Images.xcassets */ = {isa = PBXFileReference; lastKnownFileType = folder.assetcatalog; path = Images.xcassets; sourceTree = "<group>"; };
		BC1795061CA3CA4400808C4E /* Base */ = {isa = PBXFileReference; lastKnownFileType = file.xib; name = Base; path = Base.lproj/LaunchScreen.xib; sourceTree = "<group>"; };
		BC17950C1CA3CA4400808C4E /* testTests.xctest */ = {isa = PBXFileReference; explicitFileType = wrapper.cfbundle; includeInIndex = 0; path = testTests.xctest; sourceTree = BUILT_PRODUCTS_DIR; };
		BC1795111CA3CA4400808C4E /* Info.plist */ = {isa = PBXFileReference; lastKnownFileType = text.plist.xml; path = Info.plist; sourceTree = "<group>"; };
		BC1795121CA3CA4500808C4E /* testTests.m */ = {isa = PBXFileReference; lastKnownFileType = sourcecode.c.objc; path = testTests.m; sourceTree = "<group>"; };
/* End PBXFileReference section */

/* Begin PBXFrameworksBuildPhase section */
		BC1794F01CA3CA4400808C4E /* Frameworks */ = {
			isa = PBXFrameworksBuildPhase;
			buildActionMask = 2147483647;
			files = (
			);
			runOnlyForDeploymentPostprocessing = 0;
		};
		BC1795091CA3CA4400808C4E /* Frameworks */ = {
			isa = PBXFrameworksBuildPhase;
			buildActionMask = 2147483647;
			files = (
			);
			runOnlyForDeploymentPostprocessing = 0;
		};
/* End PBXFrameworksBuildPhase section */

/* Begin PBXGroup section */
		BC1794EA1CA3CA4400808C4E = {
			isa = PBXGroup;
			children = (
				BC1794F51CA3CA4400808C4E /* test */,
				BC17950F1CA3CA4400808C4E /* testTests */,
				BC1794F41CA3CA4400808C4E /* Products */,
			);
			sourceTree = "<group>";
		};
		BC1794F41CA3CA4400808C4E /* Products */ = {
			isa = PBXGroup;
			children = (
				BC1794F31CA3CA4400808C4E /* test.app */,
				BC17950C1CA3CA4400808C4E /* testTests.xctest */,
			);
			name = Products;
			sourceTree = "<group>";
		};
		BC1794F51CA3CA4400808C4E /* test */ = {
			isa = PBXGroup;
			children = (
				BC1794FA1CA3CA4400808C4E /* AppDelegate.h */,
				BC1794FB1CA3CA4400808C4E /* AppDelegate.m */,
				BC1794FD1CA3CA4400808C4E /* ViewController.h */,
				BC1794FE1CA3CA4400808C4E /* ViewController.m */,
				BC1795001CA3CA4400808C4E /* Main.storyboard */,
				BC1795031CA3CA4400808C4E /* Images.xcassets */,
				BC1795051CA3CA4400808C4E /* LaunchScreen.xib */,
				BC1794F61CA3CA4400808C4E /* Supporting Files */,
			);
			path = test;
			sourceTree = "<group>";
		};
		BC1794F61CA3CA4400808C4E /* Supporting Files */ = {
			isa = PBXGroup;
			children = (
				BC1794F71CA3CA4400808C4E /* Info.plist */,
				BC1794F81CA3CA4400808C4E /* main.m */,
			);
			name = "Supporting Files";
			sourceTree = "<group>";
		};
		BC17950F1CA3CA4400808C4E /* testTests */ = {
			isa = PBXGroup;
			children = (
				BC1795121CA3CA4500808C4E /* testTests.m */,
				BC1795101CA3CA4400808C4E /* Supporting Files */,
			);
			path = testTests;
			sourceTree = "<group>";
		};
		BC1795101CA3CA4400808C4E /* Supporting Files */ = {
			isa = PBXGroup;
			children = (
				BC1795111CA3CA4400808C4E /* Info.plist */,
			);
			name = "Supporting Files";
			sourceTree = "<group>";
		};
/* End PBXGroup section */

/* Begin PBXNativeTarget section */
		BC1794F21CA3CA4400808C4E /* test */ = {
			isa = PBXNativeTarget;
			buildConfigurationList = BC1795161CA3CA4500808C4E /* Build configuration list for PBXNativeTarget "test" */;
			buildPhases = (
				BC1794EF1CA3CA4400808C4E /* Sources */,
				BC1794F01CA3CA4400808C4E /* Frameworks */,
				BC1794F11CA3CA4400808C4E /* Resources */,
			);
			buildRules = (
			);
			dependencies = (
			);
			name = test;
			productName = test;
			productReference = BC1794F31CA3CA4400808C4E /* test.app */;
			productType = "com.apple.product-type.application";
		};
		BC17950B1CA3CA4400808C4E /* testTests */ = {
			isa = PBXNativeTarget;
			buildConfigurationList = BC1795191CA3CA4500808C4E /* Build configuration list for PBXNativeTarget "testTests" */;
			buildPhases = (
				BC1795081CA3CA4400808C4E /* Sources */,
				BC1795091CA3CA4400808C4E /* Frameworks */,
				BC17950A1CA3CA4400808C4E /* Resources */,
			);
			buildRules = (
			);
			dependencies = (
				BC17950E1CA3CA4400808C4E /* PBXTargetDependency */,
			);
			name = testTests;
			productName = testTests;
			productReference = BC17950C1CA3CA4400808C4E /* testTests.xctest */;
			productType = "com.apple.product-type.bundle.unit-test";
		};
/* End PBXNativeTarget section */

/* Begin PBXProject section */
		BC1794EB1CA3CA4400808C4E /* Project object */ = {
			isa = PBXProject;
			attributes = {
				LastUpgradeCheck = 0600;
				ORGANIZATIONNAME = LJL;
				TargetAttributes = {
					BC1794F21CA3CA4400808C4E = {
						CreatedOnToolsVersion = 6.0.1;
					};
					BC17950B1CA3CA4400808C4E = {
						CreatedOnToolsVersion = 6.0.1;
						TestTargetID = BC1794F21CA3CA4400808C4E;
					};
				};
			};
			buildConfigurationList = BC1794EE1CA3CA4400808C4E /* Build configuration list for PBXProject "test" */;
			compatibilityVersion = "Xcode 3.2";
			developmentRegion = English;
			hasScannedForEncodings = 0;
			knownRegions = (
				en,
				Base,
			);
			mainGroup = BC1794EA1CA3CA4400808C4E;
			productRefGroup = BC1794F41CA3CA4400808C4E /* Products */;
			projectDirPath = "";
			projectRoot = "";
			targets = (
				BC1794F21CA3CA4400808C4E /* test */,
				BC17950B1CA3CA4400808C4E /* testTests */,
			);
		};
/* End PBXProject section */

/* Begin PBXResourcesBuildPhase section */
		BC1794F11CA3CA4400808C4E /* Resources */ = {
			isa = PBXResourcesBuildPhase;
			buildActionMask = 2147483647;
			files = (
				BC1795021CA3CA4400808C4E /* Main.storyboard in Resources */,
				BC1795071CA3CA4400808C4E /* LaunchScreen.xib in Resources */,
				BC1795041CA3CA4400808C4E /* Images.xcassets in Resources */,
			);
			runOnlyForDeploymentPostprocessing = 0;
		};
		BC17950A1CA3CA4400808C4E /* Resources */ = {
			isa = PBXResourcesBuildPhase;
			buildActionMask = 2147483647;
			files = (
			);
			runOnlyForDeploymentPostprocessing = 0;
		};
/* End PBXResourcesBuildPhase section */

/* Begin PBXSourcesBuildPhase section */
		BC1794EF1CA3CA4400808C4E /* Sources */ = {
			isa = PBXSourcesBuildPhase;
			buildActionMask = 2147483647;
			files = (
				BC1794FF1CA3CA4400808C4E /* ViewController.m in Sources */,
				BC1794FC1CA3CA4400808C4E /* AppDelegate.m in Sources */,
				BC1794F91CA3CA4400808C4E /* main.m in Sources */,
			);
			runOnlyForDeploymentPostprocessing = 0;
		};
		BC1795081CA3CA4400808C4E /* Sources */ = {
			isa = PBXSourcesBuildPhase;
			buildActionMask = 2147483647;
			files = (
				BC1795131CA3CA4500808C4E /* testTests.m in Sources */,
			);
			runOnlyForDeploymentPostprocessing = 0;
		};
/* End PBXSourcesBuildPhase section */

/* Begin PBXTargetDependency section */
		BC17950E1CA3CA4400808C4E /* PBXTargetDependency */ = {
			isa = PBXTargetDependency;
			target = BC1794F21CA3CA4400808C4E /* test */;
			targetProxy = BC17950D1CA3CA4400808C4E /* PBXContainerItemProxy */;
		};
/* End PBXTargetDependency section */

/* Begin PBXVariantGroup section */
		BC1795001CA3CA4400808C4E /* Main.storyboard */ = {
			isa = PBXVariantGroup;
			children = (
				BC1795011CA3CA4400808C4E /* Base */,
			);
			name = Main.storyboard;
			sourceTree = "<group>";
		};
		BC1795051CA3CA4400808C4E /* LaunchScreen.xib */ = {
			isa = PBXVariantGroup;
			children = (
				BC1795061CA3CA4400808C4E /* Base */,
			);
			name = LaunchScreen.xib;
			sourceTree = "<group>";
		};
/* End PBXVariantGroup section */

/* Begin XCBuildConfiguration section */
		BC1795141CA3CA4500808C4E /* Debug */ = {
			isa = XCBuildConfiguration;
			buildSettings = {
				ALWAYS_SEARCH_USER_PATHS = NO;
				CLANG_CXX_LANGUAGE_STANDARD = "gnu++0x";
				CLANG_CXX_LIBRARY = "libc++";
				CLANG_ENABLE_MODULES = YES;
				CLANG_ENABLE_OBJC_ARC = YES;
				CLANG_WARN_BOOL_CONVERSION = YES;
				CLANG_WARN_CONSTANT_CONVERSION = YES;
				CLANG_WARN_DIRECT_OBJC_ISA_USAGE = YES_ERROR;
				CLANG_WARN_EMPTY_BODY = YES;
				CLANG_WARN_ENUM_CONVERSION = YES;
				CLANG_WARN_INT_CONVERSION = YES;
				CLANG_WARN_OBJC_ROOT_CLASS = YES_ERROR;
				CLANG_WARN_UNREACHABLE_CODE = YES;
				CLANG_WARN__DUPLICATE_METHOD_MATCH = YES;
				"CODE_SIGN_IDENTITY[sdk=iphoneos*]" = "iPhone Developer";
				COPY_PHASE_STRIP = NO;
				ENABLE_STRICT_OBJC_MSGSEND = YES;
				GCC_C_LANGUAGE_STANDARD = gnu99;
				GCC_DYNAMIC_NO_PIC = NO;
				GCC_OPTIMIZATION_LEVEL = 0;
				GCC_PREPROCESSOR_DEFINITIONS = (
					"DEBUG=1",
					"$(inherited)",
				);
				GCC_SYMBOLS_PRIVATE_EXTERN = NO;
				GCC_WARN_64_TO_32_BIT_CONVERSION = YES;
				GCC_WARN_ABOUT_RETURN_TYPE = YES_ERROR;
				GCC_WARN_UNDECLARED_SELECTOR = YES;
				GCC_WARN_UNINITIALIZED_AUTOS = YES_AGGRESSIVE;
				GCC_WARN_UNUSED_FUNCTION = YES;
				GCC_WARN_UNUSED_VARIABLE = YES;
				IPHONEOS_DEPLOYMENT_TARGET = 8.0;
				MTL_ENABLE_DEBUG_INFO = YES;
				ONLY_ACTIVE_ARCH = YES;
				SDKROOT = iphoneos;
			};
			name = Debug;
		};
		BC1795151CA3CA4500808C4E /* Release */ = {
			isa = XCBuildConfiguration;
			buildSettings = {
				ALWAYS_SEARCH_USER_PATHS = NO;
				CLANG_CXX_LANGUAGE_STANDARD = "gnu++0x";
				CLANG_CXX_LIBRARY = "libc++";
				CLANG_ENABLE_MODULES = YES;
				CLANG_ENABLE_OBJC_ARC = YES;
				CLANG_WARN_BOOL_CONVERSION = YES;
				CLANG_WARN_CONSTANT_CONVERSION = YES;
				CLANG_WARN_DIRECT_OBJC_ISA_USAGE = YES_ERROR;
				CLANG_WARN_EMPTY_BODY = YES;
				CLANG_WARN_ENUM_CONVERSION = YES;
				CLANG_WARN_INT_CONVERSION = YES;
				CLANG_WARN_OBJC_ROOT_CLASS = YES_ERROR;
				CLANG_WARN_UNREACHABLE_CODE = YES;
				CLANG_WARN__DUPLICATE_METHOD_MATCH = YES;
				"CODE_SIGN_IDENTITY[sdk=iphoneos*]" = "iPhone Developer";
				COPY_PHASE_STRIP = YES;
				ENABLE_NS_ASSERTIONS = NO;
				ENABLE_STRICT_OBJC_MSGSEND = YES;
				GCC_C_LANGUAGE_STANDARD = gnu99;
				GCC_WARN_64_TO_32_BIT_CONVERSION = YES;
				GCC_WARN_ABOUT_RETURN_TYPE = YES_ERROR;
				GCC_WARN_UNDECLARED_SELECTOR = YES;
				GCC_WARN_UNINITIALIZED_AUTOS = YES_AGGRESSIVE;
				GCC_WARN_UNUSED_FUNCTION = YES;
				GCC_WARN_UNUSED_VARIABLE = YES;
				IPHONEOS_DEPLOYMENT_TARGET = 8.0;
				MTL_ENABLE_DEBUG_INFO = NO;
				SDKROOT = iphoneos;
				VALIDATE_PRODUCT = YES;
			};
			name = Release;
		};
		BC1795171CA3CA4500808C4E /* Debug */ = {
			isa = XCBuildConfiguration;
			buildSettings = {
				ASSETCATALOG_COMPILER_APPICON_NAME = AppIcon;
				INFOPLIST_FILE = test/Info.plist;
				LD_RUNPATH_SEARCH_PATHS = "$(inherited) @executable_path/Frameworks";
				PRODUCT_NAME = "$(TARGET_NAME)";
			};
			name = Debug;
		};
		BC1795181CA3CA4500808C4E /* Release */ = {
			isa = XCBuildConfiguration;
			buildSettings = {
				ASSETCATALOG_COMPILER_APPICON_NAME = AppIcon;
				INFOPLIST_FILE = test/Info.plist;
				LD_RUNPATH_SEARCH_PATHS = "$(inherited) @executable_path/Frameworks";
				PRODUCT_NAME = "$(TARGET_NAME)";
			};
			name = Release;
		};
		BC17951A1CA3CA4500808C4E /* Debug */ = {
			isa = XCBuildConfiguration;
			buildSettings = {
				BUNDLE_LOADER = "$(TEST_HOST)";
				FRAMEWORK_SEARCH_PATHS = (
					"$(SDKROOT)/Developer/Library/Frameworks",
					"$(inherited)",
				);
				GCC_PREPROCESSOR_DEFINITIONS = (
					"DEBUG=1",
					"$(inherited)",
				);
				INFOPLIST_FILE = testTests/Info.plist;
				LD_RUNPATH_SEARCH_PATHS = "$(inherited) @executable_path/Frameworks @loader_path/Frameworks";
				PRODUCT_NAME = "$(TARGET_NAME)";
				TEST_HOST = "$(BUILT_PRODUCTS_DIR)/test.app/test";
			};
			name = Debug;
		};
		BC17951B1CA3CA4500808C4E /* Release */ = {
			isa = XCBuildConfiguration;
			buildSettings = {
				BUNDLE_LOADER = "$(TEST_HOST)";
				FRAMEWORK_SEARCH_PATHS = (
					"$(SDKROOT)/Developer/Library/Frameworks",
					"$(inherited)",
				);
				INFOPLIST_FILE = testTests/Info.plist;
				LD_RUNPATH_SEARCH_PATHS = "$(inherited) @executable_path/Frameworks @loader_path/Frameworks";
				PRODUCT_NAME = "$(TARGET_NAME)";
				TEST_HOST = "$(BUILT_PRODUCTS_DIR)/test.app/test";
			};
			name = Release;
		};
/* End XCBuildConfiguration section */

/* Begin XCConfigurationList section */
		BC1794EE1CA3CA4400808C4E /* Build configuration list for PBXProject "test" */ = {
			isa = XCConfigurationList;
			buildConfigurations = (
				BC1795141CA3CA4500808C4E /* Debug */,
				BC1795151CA3CA4500808C4E /* Release */,
			);
			defaultConfigurationIsVisible = 0;
			defaultConfigurationName = Release;
		};
		BC1795161CA3CA4500808C4E /* Build configuration list for PBXNativeTarget "test" */ = {
			isa = XCConfigurationList;
			buildConfigurations = (
				BC1795171CA3CA4500808C4E /* Debug */,
				BC1795181CA3CA4500808C4E /* Release */,
			);
			defaultConfigurationIsVisible = 0;
		};
		BC1795191CA3CA4500808C4E /* Build configuration list for PBXNativeTarget "testTests" */ = {
			isa = XCConfigurationList;
			buildConfigurations = (
				BC17951A1CA3CA4500808C4E /* Debug */,
				BC17951B1CA3CA4500808C4E /* Release */,
			);
			defaultConfigurationIsVisible = 0;
		};
/* End XCConfigurationList section */
	};
	rootObject = BC1794EB1CA3CA4400808C4E /* Project object */;
}
